
Microsoft Visual Studio Solution File, Format Version 12.00
# Visual Studio Version 17
VisualStudioVersion = 17.0.31903.59
MinimumVisualStudioVersion = 10.0.40219.1
Project("{2150E333-8FDC-42A3-9474-1A3956D46DE8}") = "src", "src", "{827E0CD3-B72D-47B6-A68D-7590B98EB39B}"
EndProject
Project("{FAE04EC0-301F-11D3-BF4B-00C04F79EFBC}") = "MarketingCloudSDK.Net.iOS", "src\MarketingCloudSDK.Net.iOS\MarketingCloudSDK.Net.iOS.csproj", "{2D8CA6B9-C53B-4622-A02C-38EE05C88413}"
EndProject
Project("{FAE04EC0-301F-11D3-BF4B-00C04F79EFBC}") = "MarketingCloudSDK.Net.AppGroupSDK.iOS", "src\MarketingCloudSDK.Net.AppGroupSDK.iOS\MarketingCloudSDK.Net.AppGroupSDK.iOS.csproj", "{56C241D7-1D2E-4B04-ADB4-B37639A22CB2}"
EndProject
Project("{FAE04EC0-301F-11D3-BF4B-00C04F79EFBC}") = "MarketingCloudSDK.Net.iOS.PackageTests", "tests\MarketingCloudSDK.Net.iOS.PackageTests\MarketingCloudSDK.Net.iOS.PackageTests.csproj", "{218F705E-EEAF-496F-9A32-0847E7011E8D}"
EndProject
Global
	GlobalSection(SolutionConfigurationPlatforms) = preSolution
		Debug|Any CPU = Debug|Any CPU
		Debug|x64 = Debug|x64
		Debug|x86 = Debug|x86
		Release|Any CPU = Release|Any CPU
		Release|x64 = Release|x64
		Release|x86 = Release|x86
	EndGlobalSection
	GlobalSection(ProjectConfigurationPlatforms) = postSolution
		{2D8CA6B9-C53B-4622-A02C-38EE05C88413}.Debug|Any CPU.ActiveCfg = Debug|Any CPU
		{2D8CA6B9-C53B-4622-A02C-38EE05C88413}.Debug|Any CPU.Build.0 = Debug|Any CPU
		{2D8CA6B9-C53B-4622-A02C-38EE05C88413}.Debug|x64.ActiveCfg = Debug|Any CPU
		{2D8CA6B9-C53B-4622-A02C-38EE05C88413}.Debug|x64.Build.0 = Debug|Any CPU
		{2D8CA6B9-C53B-4622-A02C-38EE05C88413}.Debug|x86.ActiveCfg = Debug|Any CPU
		{2D8CA6B9-C53B-4622-A02C-38EE05C88413}.Debug|x86.Build.0 = Debug|Any CPU
		{2D8CA6B9-C53B-4622-A02C-38EE05C88413}.Release|Any CPU.ActiveCfg = Release|Any CPU
		{2D8CA6B9-C53B-4622-A02C-38EE05C88413}.Release|Any CPU.Build.0 = Release|Any CPU
		{2D8CA6B9-C53B-4622-A02C-38EE05C88413}.Release|x64.ActiveCfg = Release|Any CPU
		{2D8CA6B9-C53B-4622-A02C-38EE05C88413}.Release|x64.Build.0 = Release|Any CPU
		{2D8CA6B9-C53B-4622-A02C-38EE05C88413}.Release|x86.ActiveCfg = Release|Any CPU
		{2D8CA6B9-C53B-4622-A02C-38EE05C88413}.Release|x86.Build.0 = Release|Any CPU
		{56C241D7-1D2E-4B04-ADB4-B37639A22CB2}.Debug|Any CPU.ActiveCfg = Debug|Any CPU
		{56C241D7-1D2E-4B04-ADB4-B37639A22CB2}.Debug|Any CPU.Build.0 = Debug|Any CPU
		{56C241D7-1D2E-4B04-ADB4-B37639A22CB2}.Debug|x64.ActiveCfg = Debug|Any CPU
		{56C241D7-1D2E-4B04-ADB4-B37639A22CB2}.Debug|x64.Build.0 = Debug|Any CPU
		{56C241D7-1D2E-4B04-ADB4-B37639A22CB2}.Debug|x86.ActiveCfg = Debug|Any CPU
		{56C241D7-1D2E-4B04-ADB4-B37639A22CB2}.Debug|x86.Build.0 = Debug|Any CPU
		{56C241D7-1D2E-4B04-ADB4-B37639A22CB2}.Release|Any CPU.ActiveCfg = Release|Any CPU
		{56C241D7-1D2E-4B04-ADB4-B37639A22CB2}.Release|Any CPU.Build.0 = Release|Any CPU
		{56C241D7-1D2E-4B04-ADB4-B37639A22CB2}.Release|x64.ActiveCfg = Release|Any CPU
		{56C241D7-1D2E-4B04-ADB4-B37639A22CB2}.Release|x64.Build.0 = Release|Any CPU
		{56C241D7-1D2E-4B04-ADB4-B37639A22CB2}.Release|x86.ActiveCfg = Release|Any CPU
		{56C241D7-1D2E-4B04-ADB4-B37639A22CB2}.Release|x86.Build.0 = Release|Any CPU
		{218F705E-EEAF-496F-9A32-0847E7011E8D}.Debug|Any CPU.ActiveCfg = Debug|Any CPU
		{218F705E-EEAF-496F-9A32-0847E7011E8D}.Debug|Any CPU.Build.0 = Debug|Any CPU
		{218F705E-EEAF-496F-9A32-0847E7011E8D}.Debug|x64.ActiveCfg = Debug|Any CPU
		{218F705E-EEAF-496F-9A32-0847E7011E8D}.Debug|x64.Build.0 = Debug|Any CPU
		{218F705E-EEAF-496F-9A32-0847E7011E8D}.Debug|x86.ActiveCfg = Debug|Any CPU
		{218F705E-EEAF-496F-9A32-0847E7011E8D}.Debug|x86.Build.0 = Debug|Any CPU
		{218F705E-EEAF-496F-9A32-0847E7011E8D}.Release|Any CPU.ActiveCfg = Release|Any CPU
		{218F705E-EEAF-496F-9A32-0847E7011E8D}.Release|Any CPU.Build.0 = Release|Any CPU
		{218F705E-EEAF-496F-9A32-0847E7011E8D}.Release|x64.ActiveCfg = Release|Any CPU
		{218F705E-EEAF-496F-9A32-0847E7011E8D}.Release|x64.Build.0 = Release|Any CPU
		{218F705E-EEAF-496F-9A32-0847E7011E8D}.Release|x86.ActiveCfg = Release|Any CPU
		{218F705E-EEAF-496F-9A32-0847E7011E8D}.Release|x86.Build.0 = Release|Any CPU
	EndGlobalSection
	GlobalSection(SolutionProperties) = preSolution
		HideSolutionNode = FALSE
	EndGlobalSection
	GlobalSection(NestedProjects) = preSolution
		{2D8CA6B9-C53B-4622-A02C-38EE05C88413} = {827E0CD3-B72D-47B6-A68D-7590B98EB39B}
		{56C241D7-1D2E-4B04-ADB4-B37639A22CB2} = {827E0CD3-B72D-47B6-A68D-7590B98EB39B}
		{218F705E-EEAF-496F-9A32-0847E7011E8D} = {827E0CD3-B72D-47B6-A68D-7590B98EB39B}
	EndGlobalSection
EndGlobal
